
Microsoft Visual Studio Solution File, Format Version 12.00
# Visual Studio Version 17
VisualStudioVersion = 17.9.34622.214
MinimumVisualStudioVersion = 10.0.40219.1
Project("{888888A0-9F3D-457C-B088-3A5042F75D52}") = "UniLab4", "UniLab4.pyproj", "{444485D2-7F36-4081-BC0C-D49E3E5D2429}"
EndProject
Global
	GlobalSection(SolutionConfigurationPlatforms) = preSolution
		Debug|Any CPU = Debug|Any CPU
		Release|Any CPU = Release|Any CPU
	EndGlobalSection
	GlobalSection(ProjectConfigurationPlatforms) = postSolution
		{444485D2-7F36-4081-BC0C-D49E3E5D2429}.Debug|Any CPU.ActiveCfg = Debug|Any CPU
		{444485D2-7F36-4081-BC0C-D49E3E5D2429}.Release|Any CPU.ActiveCfg = Release|Any CPU
	EndGlobalSection
	GlobalSection(SolutionProperties) = preSolution
		HideSolutionNode = FALSE
	EndGlobalSection
	GlobalSection(ExtensibilityGlobals) = postSolution
		SolutionGuid = {C163381A-C7B0-4134-8A2E-81D0B4303036}
	EndGlobalSection
EndGlobal
